// !$*UTF8*$!
{
	archiveVersion = 1;
	classes = {
	};
	objectVersion = 56;
	objects = {

/* Begin PBXBuildFile section */
		045BB5C52D2E5D9100807F95 /* main.cpp in Sources */ = {isa = PBXBuildFile; fileRef = 045BB5C42D2E5D9100807F95 /* main.cpp */; };
		045BB5CD2D2E5E1900807F95 /* OpenGL.framework in Frameworks */ = {isa = PBXBuildFile; fileRef = 045BB5CC2D2E5E1900807F95 /* OpenGL.framework */; };
		045BB5CF2D2E5E8D00807F95 /* libGLEW.2.2.0.dylib in Frameworks */ = {isa = PBXBuildFile; fileRef = 045BB5CE2D2E5E8D00807F95 /* libGLEW.2.2.0.dylib */; };
		045BB5D12D2E5EA900807F95 /* libglfw.3.4.dylib in Frameworks */ = {isa = PBXBuildFile; fileRef = 045BB5D02D2E5EA900807F95 /* libglfw.3.4.dylib */; };
		04A8DF102D338BD400E4B1A8 /* resources in CopyFiles */ = {isa = PBXBuildFile; fileRef = 04A8DF0E2D338B9E00E4B1A8 /* resources */; };
		04A8DF132D338CB000E4B1A8 /* Shader.cpp in Sources */ = {isa = PBXBuildFile; fileRef = 04A8DF112D338CB000E4B1A8 /* Shader.cpp */; };
		04A8DF162D338D6000E4B1A8 /* VBO.cpp in Sources */ = {isa = PBXBuildFile; fileRef = 04A8DF142D338D6000E4B1A8 /* VBO.cpp */; };
		04A8DF192D338DC700E4B1A8 /* EBO.cpp in Sources */ = {isa = PBXBuildFile; fileRef = 04A8DF172D338DC700E4B1A8 /* EBO.cpp */; };
		04A8DF1C2D338E3300E4B1A8 /* VAO.cpp in Sources */ = {isa = PBXBuildFile; fileRef = 04A8DF1A2D338E3300E4B1A8 /* VAO.cpp */; };
/* End PBXBuildFile section */

/* Begin PBXCopyFilesBuildPhase section */
		045BB5BF2D2E5D9100807F95 /* CopyFiles */ = {
			isa = PBXCopyFilesBuildPhase;
			buildActionMask = 2147483647;
			dstPath = /usr/share/man/man1/;
			dstSubfolderSpec = 0;
			files = (
			);
			runOnlyForDeploymentPostprocessing = 1;
		};
		04A8DF0F2D338BC100E4B1A8 /* CopyFiles */ = {
			isa = PBXCopyFilesBuildPhase;
			buildActionMask = 2147483647;
			dstPath = "";
			dstSubfolderSpec = 7;
			files = (
				04A8DF102D338BD400E4B1A8 /* resources in CopyFiles */,
			);
			runOnlyForDeploymentPostprocessing = 0;
		};
/* End PBXCopyFilesBuildPhase section */

/* Begin PBXFileReference section */
		045BB5C12D2E5D9100807F95 /* iwillblowmybrainsout_OPENGL */ = {isa = PBXFileReference; explicitFileType = "compiled.mach-o.executable"; includeInIndex = 0; path = iwillblowmybrainsout_OPENGL; sourceTree = BUILT_PRODUCTS_DIR; };
		045BB5C42D2E5D9100807F95 /* main.cpp */ = {isa = PBXFileReference; lastKnownFileType = sourcecode.cpp.cpp; path = main.cpp; sourceTree = "<group>"; };
		045BB5CC2D2E5E1900807F95 /* OpenGL.framework */ = {isa = PBXFileReference; lastKnownFileType = wrapper.framework; name = OpenGL.framework; path = System/Library/Frameworks/OpenGL.framework; sourceTree = SDKROOT; };
		045BB5CE2D2E5E8D00807F95 /* libGLEW.2.2.0.dylib */ = {isa = PBXFileReference; lastKnownFileType = "compiled.mach-o.dylib"; name = libGLEW.2.2.0.dylib; path = ../../../../../usr/local/Cellar/glew/2.2.0_1/lib/libGLEW.2.2.0.dylib; sourceTree = "<group>"; };
		045BB5D02D2E5EA900807F95 /* libglfw.3.4.dylib */ = {isa = PBXFileReference; lastKnownFileType = "compiled.mach-o.dylib"; name = libglfw.3.4.dylib; path = ../../../../../usr/local/Cellar/glfw/3.4/lib/libglfw.3.4.dylib; sourceTree = "<group>"; };
		047C59FB2D30A66A00169693 /* Shader.h */ = {isa = PBXFileReference; lastKnownFileType = sourcecode.c.h; path = Shader.h; sourceTree = "<group>"; };
		04A8DF0E2D338B9E00E4B1A8 /* resources */ = {isa = PBXFileReference; lastKnownFileType = folder; path = resources; sourceTree = "<group>"; };
		04A8DF112D338CB000E4B1A8 /* Shader.cpp */ = {isa = PBXFileReference; lastKnownFileType = sourcecode.cpp.cpp; path = Shader.cpp; sourceTree = "<group>"; };
		04A8DF142D338D6000E4B1A8 /* VBO.cpp */ = {isa = PBXFileReference; lastKnownFileType = sourcecode.cpp.cpp; path = VBO.cpp; sourceTree = "<group>"; };
		04A8DF152D338D6000E4B1A8 /* VBO.hpp */ = {isa = PBXFileReference; lastKnownFileType = sourcecode.cpp.h; path = VBO.hpp; sourceTree = "<group>"; };
		04A8DF172D338DC700E4B1A8 /* EBO.cpp */ = {isa = PBXFileReference; lastKnownFileType = sourcecode.cpp.cpp; path = EBO.cpp; sourceTree = "<group>"; };
		04A8DF182D338DC700E4B1A8 /* EBO.hpp */ = {isa = PBXFileReference; lastKnownFileType = sourcecode.cpp.h; path = EBO.hpp; sourceTree = "<group>"; };
		04A8DF1A2D338E3300E4B1A8 /* VAO.cpp */ = {isa = PBXFileReference; lastKnownFileType = sourcecode.cpp.cpp; path = VAO.cpp; sourceTree = "<group>"; };
		04A8DF1B2D338E3300E4B1A8 /* VAO.hpp */ = {isa = PBXFileReference; lastKnownFileType = sourcecode.cpp.h; path = VAO.hpp; sourceTree = "<group>"; };
/* End PBXFileReference section */

/* Begin PBXFrameworksBuildPhase section */
		045BB5BE2D2E5D9100807F95 /* Frameworks */ = {
			isa = PBXFrameworksBuildPhase;
			buildActionMask = 2147483647;
			files = (
				045BB5D12D2E5EA900807F95 /* libglfw.3.4.dylib in Frameworks */,
				045BB5CF2D2E5E8D00807F95 /* libGLEW.2.2.0.dylib in Frameworks */,
				045BB5CD2D2E5E1900807F95 /* OpenGL.framework in Frameworks */,
			);
			runOnlyForDeploymentPostprocessing = 0;
		};
/* End PBXFrameworksBuildPhase section */

/* Begin PBXGroup section */
		045BB5B82D2E5D9100807F95 = {
			isa = PBXGroup;
			children = (
				045BB5C32D2E5D9100807F95 /* iwillblowmybrainsout_OPENGL */,
				045BB5C22D2E5D9100807F95 /* Products */,
				045BB5CB2D2E5E1900807F95 /* Frameworks */,
			);
			sourceTree = "<group>";
		};
		045BB5C22D2E5D9100807F95 /* Products */ = {
			isa = PBXGroup;
			children = (
				045BB5C12D2E5D9100807F95 /* iwillblowmybrainsout_OPENGL */,
			);
			name = Products;
			sourceTree = "<group>";
		};
		045BB5C32D2E5D9100807F95 /* iwillblowmybrainsout_OPENGL */ = {
			isa = PBXGroup;
			children = (
				04A8DF0E2D338B9E00E4B1A8 /* resources */,
				045BB5C42D2E5D9100807F95 /* main.cpp */,
				04A8DF112D338CB000E4B1A8 /* Shader.cpp */,
				047C59FB2D30A66A00169693 /* Shader.h */,
				04A8DF142D338D6000E4B1A8 /* VBO.cpp */,
				04A8DF152D338D6000E4B1A8 /* VBO.hpp */,
				04A8DF172D338DC700E4B1A8 /* EBO.cpp */,
				04A8DF182D338DC700E4B1A8 /* EBO.hpp */,
				04A8DF1A2D338E3300E4B1A8 /* VAO.cpp */,
				04A8DF1B2D338E3300E4B1A8 /* VAO.hpp */,
			);
			path = iwillblowmybrainsout_OPENGL;
			sourceTree = "<group>";
		};
		045BB5CB2D2E5E1900807F95 /* Frameworks */ = {
			isa = PBXGroup;
			children = (
				045BB5D02D2E5EA900807F95 /* libglfw.3.4.dylib */,
				045BB5CE2D2E5E8D00807F95 /* libGLEW.2.2.0.dylib */,
				045BB5CC2D2E5E1900807F95 /* OpenGL.framework */,
			);
			name = Frameworks;
			sourceTree = "<group>";
		};
/* End PBXGroup section */

/* Begin PBXNativeTarget section */
		045BB5C02D2E5D9100807F95 /* iwillblowmybrainsout_OPENGL */ = {
			isa = PBXNativeTarget;
			buildConfigurationList = 045BB5C82D2E5D9100807F95 /* Build configuration list for PBXNativeTarget "iwillblowmybrainsout_OPENGL" */;
			buildPhases = (
				045BB5BD2D2E5D9100807F95 /* Sources */,
				045BB5BE2D2E5D9100807F95 /* Frameworks */,
				045BB5BF2D2E5D9100807F95 /* CopyFiles */,
				04A8DF0F2D338BC100E4B1A8 /* CopyFiles */,
			);
			buildRules = (
			);
			dependencies = (
			);
			name = iwillblowmybrainsout_OPENGL;
			productName = iwillblowmybrainsout_OPENGL;
			productReference = 045BB5C12D2E5D9100807F95 /* iwillblowmybrainsout_OPENGL */;
			productType = "com.apple.product-type.tool";
		};
/* End PBXNativeTarget section */

/* Begin PBXProject section */
		045BB5B92D2E5D9100807F95 /* Project object */ = {
			isa = PBXProject;
			attributes = {
				BuildIndependentTargetsInParallel = 1;
				LastUpgradeCheck = 1540;
				TargetAttributes = {
					045BB5C02D2E5D9100807F95 = {
						CreatedOnToolsVersion = 15.4;
					};
				};
			};
			buildConfigurationList = 045BB5BC2D2E5D9100807F95 /* Build configuration list for PBXProject "iwillblowmybrainsout_OPENGL" */;
			compatibilityVersion = "Xcode 14.0";
			developmentRegion = en;
			hasScannedForEncodings = 0;
			knownRegions = (
				en,
				Base,
			);
			mainGroup = 045BB5B82D2E5D9100807F95;
			productRefGroup = 045BB5C22D2E5D9100807F95 /* Products */;
			projectDirPath = "";
			projectRoot = "";
			targets = (
				045BB5C02D2E5D9100807F95 /* iwillblowmybrainsout_OPENGL */,
			);
		};
/* End PBXProject section */

/* Begin PBXSourcesBuildPhase section */
		045BB5BD2D2E5D9100807F95 /* Sources */ = {
			isa = PBXSourcesBuildPhase;
			buildActionMask = 2147483647;
			files = (
				04A8DF162D338D6000E4B1A8 /* VBO.cpp in Sources */,
				04A8DF132D338CB000E4B1A8 /* Shader.cpp in Sources */,
				04A8DF1C2D338E3300E4B1A8 /* VAO.cpp in Sources */,
				04A8DF192D338DC700E4B1A8 /* EBO.cpp in Sources */,
				045BB5C52D2E5D9100807F95 /* main.cpp in Sources */,
			);
			runOnlyForDeploymentPostprocessing = 0;
		};
/* End PBXSourcesBuildPhase section */

/* Begin XCBuildConfiguration section */
		045BB5C62D2E5D9100807F95 /* Debug */ = {
			isa = XCBuildConfiguration;
			buildSettings = {
				ALWAYS_SEARCH_USER_PATHS = NO;
				ASSETCATALOG_COMPILER_GENERATE_SWIFT_ASSET_SYMBOL_EXTENSIONS = YES;
				CLANG_ANALYZER_NONNULL = YES;
				CLANG_ANALYZER_NUMBER_OBJECT_CONVERSION = YES_AGGRESSIVE;
				CLANG_CXX_LANGUAGE_STANDARD = "gnu++20";
				CLANG_ENABLE_MODULES = YES;
				CLANG_ENABLE_OBJC_ARC = YES;
				CLANG_ENABLE_OBJC_WEAK = YES;
				CLANG_WARN_BLOCK_CAPTURE_AUTORELEASING = YES;
				CLANG_WARN_BOOL_CONVERSION = YES;
				CLANG_WARN_COMMA = YES;
				CLANG_WARN_CONSTANT_CONVERSION = YES;
				CLANG_WARN_DEPRECATED_OBJC_IMPLEMENTATIONS = YES;
				CLANG_WARN_DIRECT_OBJC_ISA_USAGE = YES_ERROR;
				CLANG_WARN_DOCUMENTATION_COMMENTS = YES;
				CLANG_WARN_EMPTY_BODY = YES;
				CLANG_WARN_ENUM_CONVERSION = YES;
				CLANG_WARN_INFINITE_RECURSION = YES;
				CLANG_WARN_INT_CONVERSION = YES;
				CLANG_WARN_NON_LITERAL_NULL_CONVERSION = YES;
				CLANG_WARN_OBJC_IMPLICIT_RETAIN_SELF = YES;
				CLANG_WARN_OBJC_LITERAL_CONVERSION = YES;
				CLANG_WARN_OBJC_ROOT_CLASS = YES_ERROR;
				CLANG_WARN_QUOTED_INCLUDE_IN_FRAMEWORK_HEADER = YES;
				CLANG_WARN_RANGE_LOOP_ANALYSIS = YES;
				CLANG_WARN_STRICT_PROTOTYPES = YES;
				CLANG_WARN_SUSPICIOUS_MOVE = YES;
				CLANG_WARN_UNGUARDED_AVAILABILITY = YES_AGGRESSIVE;
				CLANG_WARN_UNREACHABLE_CODE = YES;
				CLANG_WARN__DUPLICATE_METHOD_MATCH = YES;
				COPY_PHASE_STRIP = NO;
				DEBUG_INFORMATION_FORMAT = dwarf;
				ENABLE_STRICT_OBJC_MSGSEND = YES;
				ENABLE_TESTABILITY = YES;
				ENABLE_USER_SCRIPT_SANDBOXING = YES;
				GCC_C_LANGUAGE_STANDARD = gnu17;
				GCC_DYNAMIC_NO_PIC = NO;
				GCC_NO_COMMON_BLOCKS = YES;
				GCC_OPTIMIZATION_LEVEL = 0;
				GCC_PREPROCESSOR_DEFINITIONS = (
					"DEBUG=1",
					"$(inherited)",
				);
				GCC_WARN_64_TO_32_BIT_CONVERSION = YES;
				GCC_WARN_ABOUT_RETURN_TYPE = YES_ERROR;
				GCC_WARN_UNDECLARED_SELECTOR = YES;
				GCC_WARN_UNINITIALIZED_AUTOS = YES_AGGRESSIVE;
				GCC_WARN_UNUSED_FUNCTION = YES;
				GCC_WARN_UNUSED_VARIABLE = YES;
				LOCALIZATION_PREFERS_STRING_CATALOGS = YES;
				MACOSX_DEPLOYMENT_TARGET = 14.4;
				MTL_ENABLE_DEBUG_INFO = INCLUDE_SOURCE;
				MTL_FAST_MATH = YES;
				ONLY_ACTIVE_ARCH = YES;
				SDKROOT = macosx;
			};
			name = Debug;
		};
		045BB5C72D2E5D9100807F95 /* Release */ = {
			isa = XCBuildConfiguration;
			buildSettings = {
				ALWAYS_SEARCH_USER_PATHS = NO;
				ASSETCATALOG_COMPILER_GENERATE_SWIFT_ASSET_SYMBOL_EXTENSIONS = YES;
				CLANG_ANALYZER_NONNULL = YES;
				CLANG_ANALYZER_NUMBER_OBJECT_CONVERSION = YES_AGGRESSIVE;
				CLANG_CXX_LANGUAGE_STANDARD = "gnu++20";
				CLANG_ENABLE_MODULES = YES;
				CLANG_ENABLE_OBJC_ARC = YES;
				CLANG_ENABLE_OBJC_WEAK = YES;
				CLANG_WARN_BLOCK_CAPTURE_AUTORELEASING = YES;
				CLANG_WARN_BOOL_CONVERSION = YES;
				CLANG_WARN_COMMA = YES;
				CLANG_WARN_CONSTANT_CONVERSION = YES;
				CLANG_WARN_DEPRECATED_OBJC_IMPLEMENTATIONS = YES;
				CLANG_WARN_DIRECT_OBJC_ISA_USAGE = YES_ERROR;
				CLANG_WARN_DOCUMENTATION_COMMENTS = YES;
				CLANG_WARN_EMPTY_BODY = YES;
				CLANG_WARN_ENUM_CONVERSION = YES;
				CLANG_WARN_INFINITE_RECURSION = YES;
				CLANG_WARN_INT_CONVERSION = YES;
				CLANG_WARN_NON_LITERAL_NULL_CONVERSION = YES;
				CLANG_WARN_OBJC_IMPLICIT_RETAIN_SELF = YES;
				CLANG_WARN_OBJC_LITERAL_CONVERSION = YES;
				CLANG_WARN_OBJC_ROOT_CLASS = YES_ERROR;
				CLANG_WARN_QUOTED_INCLUDE_IN_FRAMEWORK_HEADER = YES;
				CLANG_WARN_RANGE_LOOP_ANALYSIS = YES;
				CLANG_WARN_STRICT_PROTOTYPES = YES;
				CLANG_WARN_SUSPICIOUS_MOVE = YES;
				CLANG_WARN_UNGUARDED_AVAILABILITY = YES_AGGRESSIVE;
				CLANG_WARN_UNREACHABLE_CODE = YES;
				CLANG_WARN__DUPLICATE_METHOD_MATCH = YES;
				COPY_PHASE_STRIP = NO;
				DEBUG_INFORMATION_FORMAT = "dwarf-with-dsym";
				ENABLE_NS_ASSERTIONS = NO;
				ENABLE_STRICT_OBJC_MSGSEND = YES;
				ENABLE_USER_SCRIPT_SANDBOXING = YES;
				GCC_C_LANGUAGE_STANDARD = gnu17;
				GCC_NO_COMMON_BLOCKS = YES;
				GCC_WARN_64_TO_32_BIT_CONVERSION = YES;
				GCC_WARN_ABOUT_RETURN_TYPE = YES_ERROR;
				GCC_WARN_UNDECLARED_SELECTOR = YES;
				GCC_WARN_UNINITIALIZED_AUTOS = YES_AGGRESSIVE;
				GCC_WARN_UNUSED_FUNCTION = YES;
				GCC_WARN_UNUSED_VARIABLE = YES;
				LOCALIZATION_PREFERS_STRING_CATALOGS = YES;
				MACOSX_DEPLOYMENT_TARGET = 14.4;
				MTL_ENABLE_DEBUG_INFO = NO;
				MTL_FAST_MATH = YES;
				SDKROOT = macosx;
			};
			name = Release;
		};
		045BB5C92D2E5D9100807F95 /* Debug */ = {
			isa = XCBuildConfiguration;
			buildSettings = {
				CODE_SIGN_STYLE = Automatic;
				HEADER_SEARCH_PATHS = /usr/local/include;
				LIBRARY_SEARCH_PATHS = (
					"$(inherited)",
					/usr/local/Cellar/glew/2.2.0_1/lib,
					/usr/local/Cellar/glfw/3.4/lib,
				);
				PRODUCT_NAME = "$(TARGET_NAME)";
			};
			name = Debug;
		};
		045BB5CA2D2E5D9100807F95 /* Release */ = {
			isa = XCBuildConfiguration;
			buildSettings = {
				CODE_SIGN_STYLE = Automatic;
				HEADER_SEARCH_PATHS = /usr/local/include;
				LIBRARY_SEARCH_PATHS = (
					"$(inherited)",
					/usr/local/Cellar/glew/2.2.0_1/lib,
					/usr/local/Cellar/glfw/3.4/lib,
				);
				PRODUCT_NAME = "$(TARGET_NAME)";
			};
			name = Release;
		};
/* End XCBuildConfiguration section */

/* Begin XCConfigurationList section */
		045BB5BC2D2E5D9100807F95 /* Build configuration list for PBXProject "iwillblowmybrainsout_OPENGL" */ = {
			isa = XCConfigurationList;
			buildConfigurations = (
				045BB5C62D2E5D9100807F95 /* Debug */,
				045BB5C72D2E5D9100807F95 /* Release */,
			);
			defaultConfigurationIsVisible = 0;
			defaultConfigurationName = Release;
		};
		045BB5C82D2E5D9100807F95 /* Build configuration list for PBXNativeTarget "iwillblowmybrainsout_OPENGL" */ = {
			isa = XCConfigurationList;
			buildConfigurations = (
				045BB5C92D2E5D9100807F95 /* Debug */,
				045BB5CA2D2E5D9100807F95 /* Release */,
			);
			defaultConfigurationIsVisible = 0;
			defaultConfigurationName = Release;
		};
/* End XCConfigurationList section */
	};
	rootObject = 045BB5B92D2E5D9100807F95 /* Project object */;
}
